schema: '2.0'
stages:
  tika_de:
    cmd: export PYTHONPATH=$PWD && python src/tika_parser.py --config=params.yaml
      --locale=de
    deps:
    - path: data//raw//de
      md5: 65071be381cd1cca54898b81324ee189.dir
      size: 75790954761
      nfiles: 333115
    - path: src/tika_parser.py
      md5: 1de949225b2f26c35330fb0962d52592
      size: 2183
    params:
      params.yaml:
        base:
          log_level: DEBUG
          random_seed: 42
          log_path: logs
          crawlers:
          - colly
          - google
          - common
          data_dir: data/
        tika:
          input_path: raw/
          output_path: interim/tika/
    outs:
    - path: data//interim/tika//de
      md5: e3d8a16f6dd0f498a269895bbb8e6fba.dir
      size: 8348838552
      nfiles: 333115
  tokenizer_de:
    cmd: export PYTHONPATH=$PWD && python -m spacy download de_core_news_sm && python
      src/tokenizer.py --config=params.yaml --locale=de
    deps:
    - path: data//interim/tika/de
      md5: e3d8a16f6dd0f498a269895bbb8e6fba.dir
      size: 8348838552
      nfiles: 333115
    - path: src/tokenizer.py
      md5: 6e9af8945e75b425612501478465b0bf
      size: 3840
    params:
      params.yaml:
        base:
          log_level: DEBUG
          random_seed: 42
          log_path: logs
          crawlers:
          - colly
          - google
          - common
          data_dir: data/
        tokenizer:
          min_tokens: 500
          max_symbols: 250000
          input_path: interim/tika
          output_path: interim/tokenizer
          industries:
          - finance_banking
          - it_research_development
          - manufacturing
          - medical_medicine_paramedical
          - sales_marketing_pr
          - businises_corporate
          - hr
          - legal
          - others
    outs:
    - path: data//interim/tokenizer/de
      md5: 88f2db8e90ddbc9bff7acd4f16c9995b.dir
      size: 2949891730
      nfiles: 9
  train_de:
    cmd: export PYTHONPATH=$PWD && python src/train_model.py --config=params.yaml
      --locale=de
    deps:
    - path: data//interim/tokenizer/de
      md5: 88f2db8e90ddbc9bff7acd4f16c9995b.dir
      size: 2949891730
      nfiles: 9
    - path: src/train_model.py
      md5: 15e8aa8da26da467c405a0fe01011897
      size: 8047
    params:
      params.yaml:
        base:
          log_level: DEBUG
          random_seed: 42
          log_path: logs
          crawlers:
          - colly
          - google
          - common
          data_dir: data/
        tokenizer.industries:
        - finance_banking
        - it_research_development
        - manufacturing
        - medical_medicine_paramedical
        - sales_marketing_pr
        - businises_corporate
        - hr
        - legal
        - others
        train:
          input_path: interim/tokenizer
          interim_path: interim/train
          test_size: 0.25
          max_features: 1024
          reports_path: reports/
          models_path: models/
          pca_components: 384
          lightgbm_parameters:
            learning_rate: 0.15
            boosting: gbdt
            max_depth: 2
            objective: multiclass
            num_iterations: 120
            subsample: 0.5
            subsample_freq: 1
            is_unbalance: true
            reg_lambda: 0.01
            random_state: 42
            early_stopping_round: 3
            metric:
            - multi_logloss
            verbosity: -1
    outs:
    - path: data//interim/train/de/pca.txt
      md5: 21281fee785f53507449fb8cace03812
      size: 8440471
    - path: data//interim/train/de/tfidf_idf.txt
      md5: f4e7c4770c435104c493808b241890e6
      size: 18928
    - path: data//interim/train/de/tfidf_vocab.txt
      md5: 38abc3b1cfb6086896e9efd147e8bc22
      size: 10990
    - path: data//interim/train/de/tfidf_vocab_words.txt
      md5: 240feb5df96c0a68379fa9229659fd6d
      size: 7569
    - path: models//de/model.txt
      md5: 86c9741d861b8037c58074a2c469e737
      size: 509748
    - path: models//de/pca.pkl
      md5: 5dd4c5670fbedcff5e5059d625019c93
      size: 3163939
    - path: models//de/tfidf.pkl
      md5: da18e3ecfd8a4b557646c4986fa6e524
      size: 34175368
    - path: reports//de/confusion.csv
      md5: b46e8a86b2ecb422f29b368a64ea9d65
      size: 127217
    - path: reports//de/confusion.pdf
      md5: 99aee62fdab19705e3f0e6862e2838ec
      size: 20510
    - path: reports//de/metrics.json
      md5: 1c0f67897a3cfb73ae10ce70c307cff6
      size: 75
    - path: reports//de/pca_fig.pdf
      md5: 48f01c105a5e42913caa91d8743fc60d
      size: 12115
  make_small_dataset:
    cmd: export PYTHONPATH=$PWD && python src/make_test_dataset.py --config=params.yaml
      --test_dir=data_test
    deps:
    - path: src/make_test_dataset.py
      md5: fbc2eaeb3375893f17df85f5acb9aec7
      size: 1524
    outs:
    - path: data_test/raw
      md5: 5a6976a351da6930b9ad6d9a3b1e12cb.dir
      size: 722998799
      nfiles: 2025
