schema: '2.0'
stages:
  tika_de:
    cmd: export PYTHONPATH=$PWD && python src/tika_parser.py --config=params.yaml
      --locale=de
    deps:
    - path: data_test/raw//de
      md5: ed415476b6bb791945121541cd03e0b3.dir
      size: 94126353
      nfiles: 205
    - path: src/tika_parser.py
      md5: 1de949225b2f26c35330fb0962d52592
      size: 2183
    params:
      params.yaml:
        base:
          log_level: DEBUG
          random_seed: 42
          log_path: logs
          crawlers:
          - colly
          - google
          - common
          data_dir: data_test
        tika:
          input_path: raw/
          output_path: interim/tika/
    outs:
    - path: data_test/interim/tika//de
      md5: 27e99dad9f66e0e681e3fdb5780151e1.dir
      size: 6489907
      nfiles: 205
  tokenizer_de:
    cmd: export PYTHONPATH=$PWD && python -m spacy download de_core_news_sm && python
      src/tokenizer.py --config=params.yaml --locale=de
    deps:
    - path: data_test/interim/tika/de
      md5: 27e99dad9f66e0e681e3fdb5780151e1.dir
      size: 6489907
      nfiles: 205
    - path: src/tokenizer.py
      md5: 092c180748eeabeb886b86d2a3e3d542
      size: 3805
    params:
      params.yaml:
        base:
          log_level: DEBUG
          random_seed: 42
          log_path: logs
          crawlers:
          - colly
          - google
          - common
          data_dir: data_test
        tokenizer:
          min_tokens: 500
          max_symbols: 250000
          input_path: interim/tika
          output_path: interim/tokenizer
          industries:
          - finance_banking
          - it_research_development
          - manufacturing
          - medical_medicine_paramedical
          - sales_marketing_pr
          - businises_corporate
          - hr
          - legal
          - others
    outs:
    - path: data_test/interim/tokenizer/de
      md5: 6810e31b4c5a69b824ef4072f767254e.dir
      size: 2222599
      nfiles: 9
  train_de:
    cmd: export PYTHONPATH=$PWD && python src/train_model.py --config=params.yaml
      --locale=de
    deps:
    - path: data_test/interim/tokenizer/de
      md5: 6810e31b4c5a69b824ef4072f767254e.dir
      size: 2222599
      nfiles: 9
    - path: src/train_model.py
      md5: 0ee6d4f06fcc3680c392c65f32262a02
      size: 11799
    params:
      params.yaml:
        base:
          log_level: DEBUG
          random_seed: 42
          log_path: logs
          crawlers:
          - colly
          - google
          - common
          data_dir: data_test
        tokenizer.industries:
        - finance_banking
        - it_research_development
        - manufacturing
        - medical_medicine_paramedical
        - sales_marketing_pr
        - businises_corporate
        - hr
        - legal
        - others
        train:
          input_path: interim/tokenizer
          interim_path: interim/train
          test_size: 0.25
          validate_size: 0.2
          max_features: 1024
          reports_path: reports/
          models_path: models/
          pca_explained_variance_threshold: 0.9
          lightgbm_parameters:
            learning_rate:
            - 0.15
            boosting:
            - gbdt
            max_depth:
            - 2
            - 4
            num_leaves:
            - 20
            - 31
            - 40
            objective:
            - multiclass
            num_iterations:
            - 240
            subsample:
            - 0.5
            subsample_freq:
            - 1
            is_unbalance:
            - true
            reg_lambda:
            - 0.01
            early_stopping_round:
            - 3
            metric:
            - multi_logloss
            verbosity:
            - -1
    outs:
    - path: data_test/interim/train/de/pca.txt
      md5: 0dd602860653cb43ae772e335fcf0148
      size: 817352
    - path: data_test/interim/train/de/tfidf_idf.txt
      md5: 682849fc592391e7f87073304c3a4d67
      size: 18732
    - path: data_test/interim/train/de/tfidf_vocab.txt
      md5: d882560625e8755a0f1ff3ee2890fadc
      size: 10988
    - path: data_test/interim/train/de/tfidf_vocab_words.txt
      md5: 42ae5eb18d4c10d5a3596a1ab0992c2f
      size: 8022
    - path: models//de/model.txt
      md5: 0fcca7af97829658e0f2ac493eed2f77
      size: 6105
    - path: models//de/pca.pkl
      md5: 6c559e71971249a1b3f35a995eb6a6ac
      size: 304813
    - path: reports//de/best_params.yaml
      md5: f1512bf03a0e6acff071682123898ffd
      size: 247
    - path: reports//de/confusion.csv
      md5: 85af2e2614e533ddf36406ff31aac1d1
      size: 93
    - path: reports//de/metrics.json
      md5: e1bd0339ec22d970ccb9ba68838aa6ff
      size: 927
    - path: reports//de/train_progress.csv
      md5: 2d9b9fa21b1a0703b1300184d2c65a60
      size: 5436
  make_small_dataset:
    cmd: export PYTHONPATH=$PWD && python src/make_test_dataset.py --config=params.yaml
      --test_dir=data_test
    deps:
    - path: src/make_test_dataset.py
      md5: 369f9c4f31aa5e866b26ac0bd2784a77
      size: 1566
    outs:
    - path: data_test/raw/de
      md5: ed415476b6bb791945121541cd03e0b3.dir
      size: 94126353
      nfiles: 205
    - path: data_test/raw/es
      md5: 2d32648e66465168018d6468213188a4.dir
      size: 65410390
      nfiles: 229
    - path: data_test/raw/fr
      md5: f3c0a7447a4386da507e1dd0c6c15cef.dir
      size: 67877226
      nfiles: 218
    - path: data_test/raw/it
      md5: f85370ff9b8819c5c89f06b516ae76b6.dir
      size: 44140397
      nfiles: 196
    - path: data_test/raw/ja
      md5: fc6304eea4403edd31a64ef0814f3858.dir
      size: 91818770
      nfiles: 352
  tika_fr:
    cmd: export PYTHONPATH=$PWD && python src/tika_parser.py --config=params.yaml
      --locale=fr
    deps:
    - path: data_test/raw//fr
      md5: f3c0a7447a4386da507e1dd0c6c15cef.dir
      size: 67877226
      nfiles: 218
    - path: src/tika_parser.py
      md5: 1de949225b2f26c35330fb0962d52592
      size: 2183
    params:
      params.yaml:
        base:
          log_level: DEBUG
          random_seed: 42
          log_path: logs
          crawlers:
          - colly
          - google
          - common
          data_dir: data_test
        tika:
          input_path: raw/
          output_path: interim/tika/
    outs:
    - path: data_test/interim/tika//fr
      md5: 1596f77e633d59695901f1405faaf840.dir
      size: 5235713
      nfiles: 218
  tokenizer_fr:
    cmd: export PYTHONPATH=$PWD && python -m spacy download fr_core_news_sm && python
      src/tokenizer.py --config=params.yaml --locale=fr
    deps:
    - path: data_test/interim/tika/fr
      md5: 1596f77e633d59695901f1405faaf840.dir
      size: 5235713
      nfiles: 218
    - path: src/tokenizer.py
      md5: 092c180748eeabeb886b86d2a3e3d542
      size: 3805
    params:
      params.yaml:
        base:
          log_level: DEBUG
          random_seed: 42
          log_path: logs
          crawlers:
          - colly
          - google
          - common
          data_dir: data_test
        tokenizer:
          min_tokens: 500
          max_symbols: 250000
          input_path: interim/tika
          output_path: interim/tokenizer
          industries:
          - finance_banking
          - it_research_development
          - manufacturing
          - medical_medicine_paramedical
          - sales_marketing_pr
          - businises_corporate
          - hr
          - legal
          - others
    outs:
    - path: data_test/interim/tokenizer/fr
      md5: 35dbee3a657d27785508de62bcaef830.dir
      size: 1514542
      nfiles: 9
  train_fr:
    cmd: export PYTHONPATH=$PWD && python src/train_model.py --config=params.yaml
      --locale=fr
    deps:
    - path: data_test/interim/tokenizer/fr
      md5: 35dbee3a657d27785508de62bcaef830.dir
      size: 1514542
      nfiles: 9
    - path: src/train_model.py
      md5: 0ee6d4f06fcc3680c392c65f32262a02
      size: 11799
    params:
      params.yaml:
        base:
          log_level: DEBUG
          random_seed: 42
          log_path: logs
          crawlers:
          - colly
          - google
          - common
          data_dir: data_test
        tokenizer.industries:
        - finance_banking
        - it_research_development
        - manufacturing
        - medical_medicine_paramedical
        - sales_marketing_pr
        - businises_corporate
        - hr
        - legal
        - others
        train:
          input_path: interim/tokenizer
          interim_path: interim/train
          test_size: 0.25
          validate_size: 0.2
          max_features: 1024
          reports_path: reports/
          models_path: models/
          pca_explained_variance_threshold: 0.9
          lightgbm_parameters:
            learning_rate:
            - 0.15
            boosting:
            - gbdt
            max_depth:
            - 2
            - 4
            num_leaves:
            - 20
            - 31
            - 40
            objective:
            - multiclass
            num_iterations:
            - 240
            subsample:
            - 0.5
            subsample_freq:
            - 1
            is_unbalance:
            - true
            reg_lambda:
            - 0.01
            early_stopping_round:
            - 3
            metric:
            - multi_logloss
            verbosity:
            - -1
    outs:
    - path: data_test/interim/train/fr/pca.txt
      md5: 113facfcf19965ec0b32016569819379
      size: 794867
    - path: data_test/interim/train/fr/tfidf_idf.txt
      md5: 1d73042b38f5b13685b1489c818c59c3
      size: 18848
    - path: data_test/interim/train/fr/tfidf_vocab.txt
      md5: 8b3ac1a0db8ae97a65f07d2313f60d95
      size: 11000
    - path: data_test/interim/train/fr/tfidf_vocab_words.txt
      md5: 195c47d36b9195f4510c8a55fb601fda
      size: 7849
    - path: models//fr/model.txt
      md5: 2f4c7630a1368ebd4af8c548845b105d
      size: 6061
    - path: models//fr/pca.pkl
      md5: 1f4b1a47ba486b63578f96d80d06dd34
      size: 296597
    - path: reports//fr/best_params.yaml
      md5: f1512bf03a0e6acff071682123898ffd
      size: 247
    - path: reports//fr/confusion.csv
      md5: f821f48c114ede43be25248b46d9f54d
      size: 89
    - path: reports//fr/metrics.json
      md5: 474695258b29307b8ed832bf8683a59c
      size: 919
    - path: reports//fr/train_progress.csv
      md5: 06ac7523fc8652f326b1b9b92ff69e26
      size: 5436
  tika_es:
    cmd: export PYTHONPATH=$PWD && python src/tika_parser.py --config=params.yaml
      --locale=es
    deps:
    - path: data_test/raw//es
      md5: 2d32648e66465168018d6468213188a4.dir
      size: 65410390
      nfiles: 229
    - path: src/tika_parser.py
      md5: 1de949225b2f26c35330fb0962d52592
      size: 2183
    params:
      params.yaml:
        base:
          log_level: DEBUG
          random_seed: 42
          log_path: logs
          crawlers:
          - colly
          - google
          - common
          data_dir: data_test
        tika:
          input_path: raw/
          output_path: interim/tika/
    outs:
    - path: data_test/interim/tika//es
      md5: 9b89973c3f7a4fd6037e54fe4b7c91dc.dir
      size: 11037938
      nfiles: 229
  tokenizer_es:
    cmd: export PYTHONPATH=$PWD && python -m spacy download es_core_news_sm && python
      src/tokenizer.py --config=params.yaml --locale=es
    deps:
    - path: data_test/interim/tika/es
      md5: 9b89973c3f7a4fd6037e54fe4b7c91dc.dir
      size: 11037938
      nfiles: 229
    - path: src/tokenizer.py
      md5: 092c180748eeabeb886b86d2a3e3d542
      size: 3805
    params:
      params.yaml:
        base:
          log_level: DEBUG
          random_seed: 42
          log_path: logs
          crawlers:
          - colly
          - google
          - common
          data_dir: data_test
        tokenizer:
          min_tokens: 500
          max_symbols: 250000
          input_path: interim/tika
          output_path: interim/tokenizer
          industries:
          - finance_banking
          - it_research_development
          - manufacturing
          - medical_medicine_paramedical
          - sales_marketing_pr
          - businises_corporate
          - hr
          - legal
          - others
    outs:
    - path: data_test/interim/tokenizer/es
      md5: 4d6ff4eaea8667764ec18fbd19c3b68c.dir
      size: 1557361
      nfiles: 9
  train_es:
    cmd: export PYTHONPATH=$PWD && python src/train_model.py --config=params.yaml
      --locale=es
    deps:
    - path: data_test/interim/tokenizer/es
      md5: 4d6ff4eaea8667764ec18fbd19c3b68c.dir
      size: 1557361
      nfiles: 9
    - path: src/train_model.py
      md5: 0ee6d4f06fcc3680c392c65f32262a02
      size: 11799
    params:
      params.yaml:
        base:
          log_level: DEBUG
          random_seed: 42
          log_path: logs
          crawlers:
          - colly
          - google
          - common
          data_dir: data_test
        tokenizer.industries:
        - finance_banking
        - it_research_development
        - manufacturing
        - medical_medicine_paramedical
        - sales_marketing_pr
        - businises_corporate
        - hr
        - legal
        - others
        train:
          input_path: interim/tokenizer
          interim_path: interim/train
          test_size: 0.25
          validate_size: 0.2
          max_features: 1024
          reports_path: reports/
          models_path: models/
          pca_explained_variance_threshold: 0.9
          lightgbm_parameters:
            learning_rate:
            - 0.15
            boosting:
            - gbdt
            max_depth:
            - 2
            - 4
            num_leaves:
            - 20
            - 31
            - 40
            objective:
            - multiclass
            num_iterations:
            - 240
            subsample:
            - 0.5
            subsample_freq:
            - 1
            is_unbalance:
            - true
            reg_lambda:
            - 0.01
            early_stopping_round:
            - 3
            metric:
            - multi_logloss
            verbosity:
            - -1
    outs:
    - path: data_test/interim/train/es/pca.txt
      md5: 78a272ab36cd9445cc1dddbc71c4d6da
      size: 860076
    - path: data_test/interim/train/es/tfidf_idf.txt
      md5: 0e53f2164b04cd11c3f9c4fc81b61fa0
      size: 18748
    - path: data_test/interim/train/es/tfidf_vocab.txt
      md5: 5399ae448d52d9c1bd8fdf776c7e0015
      size: 11002
    - path: data_test/interim/train/es/tfidf_vocab_words.txt
      md5: 6d1a8cf653c815b0aef6ebc9478e31e5
      size: 8005
    - path: models//es/model.txt
      md5: 5f2d7ab14804fa9d788111e552950571
      size: 6207
    - path: models//es/pca.pkl
      md5: 3b5dd9ab1fd22234fb310b47fe30567b
      size: 321245
    - path: reports//es/best_params.yaml
      md5: f1512bf03a0e6acff071682123898ffd
      size: 247
    - path: reports//es/confusion.csv
      md5: f0a7ed933f67429146e022bb7b77ed8f
      size: 93
    - path: reports//es/metrics.json
      md5: 91e7578485b5300895ebd14c095896ab
      size: 931
    - path: reports//es/train_progress.csv
      md5: 8bf7e0f4851105a92ad737481b2efce4
      size: 5436
  tika_it:
    cmd: export PYTHONPATH=$PWD && python src/tika_parser.py --config=params.yaml
      --locale=it
    deps:
    - path: data_test/raw//it
      md5: f85370ff9b8819c5c89f06b516ae76b6.dir
      size: 44140397
      nfiles: 196
    - path: src/tika_parser.py
      md5: 1de949225b2f26c35330fb0962d52592
      size: 2183
    params:
      params.yaml:
        base:
          log_level: DEBUG
          random_seed: 42
          log_path: logs
          crawlers:
          - colly
          - google
          - common
          data_dir: data_test
        tika:
          input_path: raw/
          output_path: interim/tika/
    outs:
    - path: data_test/interim/tika//it
      md5: edcb00070414c3801a5ef0ffccd7d804.dir
      size: 4857340
      nfiles: 196
  tokenizer_it:
    cmd: export PYTHONPATH=$PWD && python -m spacy download it_core_news_sm && python
      src/tokenizer.py --config=params.yaml --locale=it
    deps:
    - path: data_test/interim/tika/it
      md5: edcb00070414c3801a5ef0ffccd7d804.dir
      size: 4857340
      nfiles: 196
    - path: src/tokenizer.py
      md5: 092c180748eeabeb886b86d2a3e3d542
      size: 3805
    params:
      params.yaml:
        base:
          log_level: DEBUG
          random_seed: 42
          log_path: logs
          crawlers:
          - colly
          - google
          - common
          data_dir: data_test
        tokenizer:
          min_tokens: 500
          max_symbols: 250000
          input_path: interim/tika
          output_path: interim/tokenizer
          industries:
          - finance_banking
          - it_research_development
          - manufacturing
          - medical_medicine_paramedical
          - sales_marketing_pr
          - businises_corporate
          - hr
          - legal
          - others
    outs:
    - path: data_test/interim/tokenizer/it
      md5: bd90a5215a9aa03a05f41211b968723a.dir
      size: 1339604
      nfiles: 9
  train_it:
    cmd: export PYTHONPATH=$PWD && python src/train_model.py --config=params.yaml
      --locale=it
    deps:
    - path: data_test/interim/tokenizer/it
      md5: bd90a5215a9aa03a05f41211b968723a.dir
      size: 1339604
      nfiles: 9
    - path: src/train_model.py
      md5: 0ee6d4f06fcc3680c392c65f32262a02
      size: 11799
    params:
      params.yaml:
        base:
          log_level: DEBUG
          random_seed: 42
          log_path: logs
          crawlers:
          - colly
          - google
          - common
          data_dir: data_test
        tokenizer.industries:
        - finance_banking
        - it_research_development
        - manufacturing
        - medical_medicine_paramedical
        - sales_marketing_pr
        - businises_corporate
        - hr
        - legal
        - others
        train:
          input_path: interim/tokenizer
          interim_path: interim/train
          test_size: 0.25
          validate_size: 0.2
          max_features: 1024
          reports_path: reports/
          models_path: models/
          pca_explained_variance_threshold: 0.9
          lightgbm_parameters:
            learning_rate:
            - 0.15
            boosting:
            - gbdt
            max_depth:
            - 2
            - 4
            num_leaves:
            - 20
            - 31
            - 40
            objective:
            - multiclass
            num_iterations:
            - 240
            subsample:
            - 0.5
            subsample_freq:
            - 1
            is_unbalance:
            - true
            reg_lambda:
            - 0.01
            early_stopping_round:
            - 3
            metric:
            - multi_logloss
            verbosity:
            - -1
    outs:
    - path: data_test/interim/train/it/pca.txt
      md5: 8c030047303335d3d649825817d4cfbc
      size: 769996
    - path: data_test/interim/train/it/tfidf_idf.txt
      md5: 1ac98d116d86e62d1a4c66bd183745f8
      size: 18854
    - path: data_test/interim/train/it/tfidf_vocab.txt
      md5: d3ebae0b548959115f30f8e162351348
      size: 11018
    - path: data_test/interim/train/it/tfidf_vocab_words.txt
      md5: e9096a1c67fb2cedd47c790b7a4ea5fa
      size: 7711
    - path: models//it/model.txt
      md5: 16d711c874a1a6c556d61b0d111102c7
      size: 4944
    - path: models//it/pca.pkl
      md5: 40ac1e4b7055fbd5fd76c4e5b2c8e547
      size: 288381
    - path: reports//it/best_params.yaml
      md5: f1512bf03a0e6acff071682123898ffd
      size: 247
    - path: reports//it/confusion.csv
      md5: abc9f4f4c082c6a0a6f53486f0e757cf
      size: 89
    - path: reports//it/metrics.json
      md5: c64f0b195636f8ca23fb1fb8c75f95b2
      size: 795
    - path: reports//it/train_progress.csv
      md5: f24ed07fa14a73cdf00a2068ccdf9060
      size: 5196
  tika_ja:
    cmd: export PYTHONPATH=$PWD && python src/tika_parser.py --config=params.yaml
      --locale=ja
    deps:
    - path: data_test/raw//ja
      md5: fc6304eea4403edd31a64ef0814f3858.dir
      size: 91818770
      nfiles: 352
    - path: src/tika_parser.py
      md5: 1de949225b2f26c35330fb0962d52592
      size: 2183
    params:
      params.yaml:
        base:
          log_level: DEBUG
          random_seed: 42
          log_path: logs
          crawlers:
          - colly
          - google
          - common
          data_dir: data_test
        tika:
          input_path: raw/
          output_path: interim/tika/
    outs:
    - path: data_test/interim/tika//ja
      md5: 5590a4c3f3b44885573a76e858d6dd0b.dir
      size: 5499183
      nfiles: 352
  tokenizer_ja:
    cmd: export PYTHONPATH=$PWD && python -m spacy download ja_core_news_sm && python
      src/tokenizer.py --config=params.yaml --locale=ja
    deps:
    - path: data_test/interim/tika/ja
      md5: 5590a4c3f3b44885573a76e858d6dd0b.dir
      size: 5499183
      nfiles: 352
    - path: src/tokenizer.py
      md5: 092c180748eeabeb886b86d2a3e3d542
      size: 3805
    params:
      params.yaml:
        base:
          log_level: DEBUG
          random_seed: 42
          log_path: logs
          crawlers:
          - colly
          - google
          - common
          data_dir: data_test
        tokenizer:
          min_tokens: 500
          max_symbols: 250000
          input_path: interim/tika
          output_path: interim/tokenizer
          industries:
          - finance_banking
          - it_research_development
          - manufacturing
          - medical_medicine_paramedical
          - sales_marketing_pr
          - businises_corporate
          - hr
          - legal
          - others
    outs:
    - path: data_test/interim/tokenizer/ja
      md5: 71d1f87a7f4d6052c6fe3921883b277a.dir
      size: 2328530
      nfiles: 9
  train_ja:
    cmd: export PYTHONPATH=$PWD && python src/train_model.py --config=params.yaml
      --locale=ja
    deps:
    - path: data_test/interim/tokenizer/ja
      md5: 71d1f87a7f4d6052c6fe3921883b277a.dir
      size: 2328530
      nfiles: 9
    - path: src/train_model.py
      md5: 0ee6d4f06fcc3680c392c65f32262a02
      size: 11799
    params:
      params.yaml:
        base:
          log_level: DEBUG
          random_seed: 42
          log_path: logs
          crawlers:
          - colly
          - google
          - common
          data_dir: data_test
        tokenizer.industries:
        - finance_banking
        - it_research_development
        - manufacturing
        - medical_medicine_paramedical
        - sales_marketing_pr
        - businises_corporate
        - hr
        - legal
        - others
        train:
          input_path: interim/tokenizer
          interim_path: interim/train
          test_size: 0.25
          validate_size: 0.2
          max_features: 1024
          reports_path: reports/
          models_path: models/
          pca_explained_variance_threshold: 0.9
          lightgbm_parameters:
            learning_rate:
            - 0.15
            boosting:
            - gbdt
            max_depth:
            - 2
            - 4
            num_leaves:
            - 20
            - 31
            - 40
            objective:
            - multiclass
            num_iterations:
            - 240
            subsample:
            - 0.5
            subsample_freq:
            - 1
            is_unbalance:
            - true
            reg_lambda:
            - 0.01
            early_stopping_round:
            - 3
            metric:
            - multi_logloss
            verbosity:
            - -1
    outs:
    - path: data_test/interim/train/ja/pca.txt
      md5: 0e01ae6ca177b4ec89790a25cecea7a0
      size: 835224
    - path: data_test/interim/train/ja/tfidf_idf.txt
      md5: f6c1dc84c6c3c30f15d52e5be7c619c2
      size: 18769
    - path: data_test/interim/train/ja/tfidf_vocab.txt
      md5: b149847a269bf75fccc98dbb22211c31
      size: 11002
    - path: data_test/interim/train/ja/tfidf_vocab_words.txt
      md5: a749e613a7abe564dbb983fe7b103cca
      size: 6930
    - path: models//ja/model.txt
      md5: 2a7a4462f598763e29fd1a23338dbe53
      size: 6167
    - path: models//ja/pca.pkl
      md5: 56d6e7c71918c59cde41c38bb191d778
      size: 313029
    - path: reports//ja/best_params.yaml
      md5: f1512bf03a0e6acff071682123898ffd
      size: 247
    - path: reports//ja/confusion.csv
      md5: ee282aad2b5f4205c6da6849db7c945c
      size: 93
    - path: reports//ja/metrics.json
      md5: 7b1c449bf2666b2adc94caa21069c0c2
      size: 923
    - path: reports//ja/train_progress.csv
      md5: 1d267d31d9ed06f062193ddcc507cca8
      size: 5436
